// !$*UTF8*$!
{
	archiveVersion = 1;
	classes = {
	};
	objectVersion = 55;
	objects = {

/* Begin PBXBuildFile section */
		CB408A7628CF55B70029B91C /* AboutUsView.swift in Sources */ = {isa = PBXBuildFile; fileRef = CB408A7528CF55B70029B91C /* AboutUsView.swift */; };
		CB408A7828CF57610029B91C /* Utilities.swift in Sources */ = {isa = PBXBuildFile; fileRef = CB408A7728CF57610029B91C /* Utilities.swift */; };
		CB408A7C28CF5B1D0029B91C /* UserDefaults+.swift in Sources */ = {isa = PBXBuildFile; fileRef = CB408A7B28CF5B1D0029B91C /* UserDefaults+.swift */; };
		CB408A7E28CF5B810029B91C /* WhatsNewView.swift in Sources */ = {isa = PBXBuildFile; fileRef = CB408A7D28CF5B810029B91C /* WhatsNewView.swift */; };
		CB408A8228CF62050029B91C /* User.swift in Sources */ = {isa = PBXBuildFile; fileRef = CB408A8128CF62050029B91C /* User.swift */; };
		CB563B3C2A1772CB00CC21C8 /* AppLaunchView.swift in Sources */ = {isa = PBXBuildFile; fileRef = CB563B3B2A1772CB00CC21C8 /* AppLaunchView.swift */; };
		CB563B3E2A1773AA00CC21C8 /* Gradient.swift in Sources */ = {isa = PBXBuildFile; fileRef = CB563B3D2A1773AA00CC21C8 /* Gradient.swift */; };
		CB6E482728CE811A006DF6CA /* GoogleService-Info.plist in Resources */ = {isa = PBXBuildFile; fileRef = CB6E482628CE811A006DF6CA /* GoogleService-Info.plist */; };
		CB6E482828CE811A006DF6CA /* GoogleService-Info.plist in Resources */ = {isa = PBXBuildFile; fileRef = CB6E482628CE811A006DF6CA /* GoogleService-Info.plist */; };
		CB6E482928CE811A006DF6CA /* GoogleService-Info.plist in Resources */ = {isa = PBXBuildFile; fileRef = CB6E482628CE811A006DF6CA /* GoogleService-Info.plist */; };
		CB6E482C28CE889E006DF6CA /* FirebaseAnalyticsWithoutAdIdSupport in Frameworks */ = {isa = PBXBuildFile; productRef = CB6E482B28CE889E006DF6CA /* FirebaseAnalyticsWithoutAdIdSupport */; };
		CB6E482E28CE889E006DF6CA /* FirebaseAuth in Frameworks */ = {isa = PBXBuildFile; productRef = CB6E482D28CE889E006DF6CA /* FirebaseAuth */; };
		CB6E483028CE889E006DF6CA /* FirebaseCrashlytics in Frameworks */ = {isa = PBXBuildFile; productRef = CB6E482F28CE889E006DF6CA /* FirebaseCrashlytics */; };
		CB6E483228CE889E006DF6CA /* FirebaseDatabase in Frameworks */ = {isa = PBXBuildFile; productRef = CB6E483128CE889E006DF6CA /* FirebaseDatabase */; };
		CB6E483428CE889E006DF6CA /* FirebaseDatabaseSwift in Frameworks */ = {isa = PBXBuildFile; productRef = CB6E483328CE889E006DF6CA /* FirebaseDatabaseSwift */; };
		CB6E483628CE889E006DF6CA /* FirebaseFirestore in Frameworks */ = {isa = PBXBuildFile; productRef = CB6E483528CE889E006DF6CA /* FirebaseFirestore */; };
		CB6E483828CE889E006DF6CA /* FirebaseFirestoreSwift in Frameworks */ = {isa = PBXBuildFile; productRef = CB6E483728CE889E006DF6CA /* FirebaseFirestoreSwift */; };
		CB6E483A28CE889E006DF6CA /* FirebaseRemoteConfig in Frameworks */ = {isa = PBXBuildFile; productRef = CB6E483928CE889E006DF6CA /* FirebaseRemoteConfig */; };
		CB6E483C28CE889E006DF6CA /* FirebaseStorage in Frameworks */ = {isa = PBXBuildFile; productRef = CB6E483B28CE889E006DF6CA /* FirebaseStorage */; };
		CB6E483E28CE90FF006DF6CA /* AppDelegate.swift in Sources */ = {isa = PBXBuildFile; fileRef = CB6E483D28CE90FF006DF6CA /* AppDelegate.swift */; };
		CB6E484128CE9489006DF6CA /* JobModel.swift in Sources */ = {isa = PBXBuildFile; fileRef = CB6E484028CE9489006DF6CA /* JobModel.swift */; };
		CB6E484328CE9559006DF6CA /* Collections.swift in Sources */ = {isa = PBXBuildFile; fileRef = CB6E484228CE9559006DF6CA /* Collections.swift */; };
		CB6E484528CE95A4006DF6CA /* Helpers.swift in Sources */ = {isa = PBXBuildFile; fileRef = CB6E484428CE95A4006DF6CA /* Helpers.swift */; };
		CB6E484728CE95DE006DF6CA /* ApiErrors.swift in Sources */ = {isa = PBXBuildFile; fileRef = CB6E484628CE95DE006DF6CA /* ApiErrors.swift */; };
		CB6E484928CE975F006DF6CA /* JobStoreManager.swift in Sources */ = {isa = PBXBuildFile; fileRef = CB6E484828CE975F006DF6CA /* JobStoreManager.swift */; };
		CB6E484B28CE995F006DF6CA /* SubmitterView.swift in Sources */ = {isa = PBXBuildFile; fileRef = CB6E484A28CE995F006DF6CA /* SubmitterView.swift */; };
		CB8978AA2A1374DF00BD23B9 /* GoogleSheetsAPI.swift in Sources */ = {isa = PBXBuildFile; fileRef = CB8978A92A1374DF00BD23B9 /* GoogleSheetsAPI.swift */; };
		CB8978B22A137DF800BD23B9 /* GoogleSignIn in Frameworks */ = {isa = PBXBuildFile; productRef = CB8978B12A137DF800BD23B9 /* GoogleSignIn */; };
		CB8978B42A137DF800BD23B9 /* GoogleSignInSwift in Frameworks */ = {isa = PBXBuildFile; productRef = CB8978B32A137DF800BD23B9 /* GoogleSignInSwift */; };
		CB8978B82A1399B700BD23B9 /* SpreadSheetTestView.swift in Sources */ = {isa = PBXBuildFile; fileRef = CB8978B72A1399B700BD23B9 /* SpreadSheetTestView.swift */; };
		CBAC672C2A1507C90027D1FD /* JobHelper.swift in Sources */ = {isa = PBXBuildFile; fileRef = CBAC672B2A1507C80027D1FD /* JobHelper.swift */; };
		CBAC672F2A150A840027D1FD /* GoogleAPIClientForREST_Sheets in Frameworks */ = {isa = PBXBuildFile; productRef = CBAC672E2A150A840027D1FD /* GoogleAPIClientForREST_Sheets */; };
		CBC1425D28CB3D8C00C44D64 /* Job.swift in Sources */ = {isa = PBXBuildFile; fileRef = CBC1425C28CB3D8C00C44D64 /* Job.swift */; };
		CBC1426028CB424E00C44D64 /* JobCompany.swift in Sources */ = {isa = PBXBuildFile; fileRef = CBC1425F28CB424E00C44D64 /* JobCompany.swift */; };
		CBC1426228CB426000C44D64 /* JobContact.swift in Sources */ = {isa = PBXBuildFile; fileRef = CBC1426128CB426000C44D64 /* JobContact.swift */; };
		CBC1426428CB426600C44D64 /* JobCategory.swift in Sources */ = {isa = PBXBuildFile; fileRef = CBC1426328CB426600C44D64 /* JobCategory.swift */; };
		CBC1426628CB426D00C44D64 /* JobType.swift in Sources */ = {isa = PBXBuildFile; fileRef = CBC1426528CB426D00C44D64 /* JobType.swift */; };
		CBC1426828CB427200C44D64 /* JobDescription.swift in Sources */ = {isa = PBXBuildFile; fileRef = CBC1426728CB427200C44D64 /* JobDescription.swift */; };
		CBC1426A28CB42A400C44D64 /* Job+Preview.swift in Sources */ = {isa = PBXBuildFile; fileRef = CBC1426928CB42A400C44D64 /* Job+Preview.swift */; };
		CBC1426C28CB442700C44D64 /* JobSkill.swift in Sources */ = {isa = PBXBuildFile; fileRef = CBC1426B28CB442700C44D64 /* JobSkill.swift */; };
		CBC2E69628C8AB7000346EA4 /* JobLessApp.swift in Sources */ = {isa = PBXBuildFile; fileRef = CBC2E69528C8AB7000346EA4 /* JobLessApp.swift */; };
		CBC2E69828C8AB7000346EA4 /* ContentView.swift in Sources */ = {isa = PBXBuildFile; fileRef = CBC2E69728C8AB7000346EA4 /* ContentView.swift */; };
		CBC2E69A28C8AB7300346EA4 /* Assets.xcassets in Resources */ = {isa = PBXBuildFile; fileRef = CBC2E69928C8AB7300346EA4 /* Assets.xcassets */; };
		CBC2E69D28C8AB7300346EA4 /* Preview Assets.xcassets in Resources */ = {isa = PBXBuildFile; fileRef = CBC2E69C28C8AB7300346EA4 /* Preview Assets.xcassets */; };
		CBC2E6A228C8AB7300346EA4 /* JobLess.xcdatamodeld in Sources */ = {isa = PBXBuildFile; fileRef = CBC2E6A028C8AB7300346EA4 /* JobLess.xcdatamodeld */; };
		CBC2E6AC28C8AB7300346EA4 /* JobLessTests.swift in Sources */ = {isa = PBXBuildFile; fileRef = CBC2E6AB28C8AB7300346EA4 /* JobLessTests.swift */; };
		CBC2E6B628C8AB7300346EA4 /* JobLessUITests.swift in Sources */ = {isa = PBXBuildFile; fileRef = CBC2E6B528C8AB7300346EA4 /* JobLessUITests.swift */; };
		CBC2E6B828C8AB7300346EA4 /* JobLessUITestsLaunchTests.swift in Sources */ = {isa = PBXBuildFile; fileRef = CBC2E6B728C8AB7300346EA4 /* JobLessUITestsLaunchTests.swift */; };
		CBC2E6C628C8AD0600346EA4 /* Colors+.swift in Sources */ = {isa = PBXBuildFile; fileRef = CBC2E6C528C8AD0600346EA4 /* Colors+.swift */; };
		CBC2E6C928C8AF3300346EA4 /* AuthenticationView.swift in Sources */ = {isa = PBXBuildFile; fileRef = CBC2E6C828C8AF3300346EA4 /* AuthenticationView.swift */; };
		CBC2E6CB28C8B17300346EA4 /* HomeView.swift in Sources */ = {isa = PBXBuildFile; fileRef = CBC2E6CA28C8B17300346EA4 /* HomeView.swift */; };
		CBC2E6CF28C8F5FB00346EA4 /* JobDetailView.swift in Sources */ = {isa = PBXBuildFile; fileRef = CBC2E6CE28C8F5FB00346EA4 /* JobDetailView.swift */; };
		CBC2E6D228C90EC600346EA4 /* JobRowView.swift in Sources */ = {isa = PBXBuildFile; fileRef = CBC2E6D128C90EC600346EA4 /* JobRowView.swift */; };
		CBC2E6D428C90EDA00346EA4 /* JobTagsView.swift in Sources */ = {isa = PBXBuildFile; fileRef = CBC2E6D328C90EDA00346EA4 /* JobTagsView.swift */; };
		CBC2E6D628C90FFE00346EA4 /* JobAdvertView.swift in Sources */ = {isa = PBXBuildFile; fileRef = CBC2E6D528C90FFE00346EA4 /* JobAdvertView.swift */; };
		CBC2E6DA28C9137A00346EA4 /* NavigationBarView.swift in Sources */ = {isa = PBXBuildFile; fileRef = CBC2E6D928C9137A00346EA4 /* NavigationBarView.swift */; };
		CBC2E6DF28C9345C00346EA4 /* MainMenuView.swift in Sources */ = {isa = PBXBuildFile; fileRef = CBC2E6DE28C9345C00346EA4 /* MainMenuView.swift */; };
		CBC2E6E228C9350E00346EA4 /* JobTag.swift in Sources */ = {isa = PBXBuildFile; fileRef = CBC2E6E128C9350E00346EA4 /* JobTag.swift */; };
		CBC2E6E428C9361000346EA4 /* ThemeToggle.swift in Sources */ = {isa = PBXBuildFile; fileRef = CBC2E6E328C9361000346EA4 /* ThemeToggle.swift */; };
		CBC2E6E628C9377700346EA4 /* AppTheme.swift in Sources */ = {isa = PBXBuildFile; fileRef = CBC2E6E528C9377700346EA4 /* AppTheme.swift */; };
		CBC2E6EA28C9383F00346EA4 /* JobSearchView.swift in Sources */ = {isa = PBXBuildFile; fileRef = CBC2E6E928C9383F00346EA4 /* JobSearchView.swift */; };
/* End PBXBuildFile section */

/* Begin PBXContainerItemProxy section */
		CBC2E6A828C8AB7300346EA4 /* PBXContainerItemProxy */ = {
			isa = PBXContainerItemProxy;
			containerPortal = CBC2E68A28C8AB7000346EA4 /* Project object */;
			proxyType = 1;
			remoteGlobalIDString = CBC2E69128C8AB7000346EA4;
			remoteInfo = JobLess;
		};
		CBC2E6B228C8AB7300346EA4 /* PBXContainerItemProxy */ = {
			isa = PBXContainerItemProxy;
			containerPortal = CBC2E68A28C8AB7000346EA4 /* Project object */;
			proxyType = 1;
			remoteGlobalIDString = CBC2E69128C8AB7000346EA4;
			remoteInfo = JobLess;
		};
/* End PBXContainerItemProxy section */

/* Begin PBXFileReference section */
		CB408A7528CF55B70029B91C /* AboutUsView.swift */ = {isa = PBXFileReference; lastKnownFileType = sourcecode.swift; path = AboutUsView.swift; sourceTree = "<group>"; };
		CB408A7728CF57610029B91C /* Utilities.swift */ = {isa = PBXFileReference; lastKnownFileType = sourcecode.swift; path = Utilities.swift; sourceTree = "<group>"; };
		CB408A7B28CF5B1D0029B91C /* UserDefaults+.swift */ = {isa = PBXFileReference; lastKnownFileType = sourcecode.swift; path = "UserDefaults+.swift"; sourceTree = "<group>"; };
		CB408A7D28CF5B810029B91C /* WhatsNewView.swift */ = {isa = PBXFileReference; lastKnownFileType = sourcecode.swift; path = WhatsNewView.swift; sourceTree = "<group>"; };
		CB408A8128CF62050029B91C /* User.swift */ = {isa = PBXFileReference; lastKnownFileType = sourcecode.swift; path = User.swift; sourceTree = "<group>"; };
		CB563B3B2A1772CB00CC21C8 /* AppLaunchView.swift */ = {isa = PBXFileReference; lastKnownFileType = sourcecode.swift; path = AppLaunchView.swift; sourceTree = "<group>"; };
		CB563B3D2A1773AA00CC21C8 /* Gradient.swift */ = {isa = PBXFileReference; lastKnownFileType = sourcecode.swift; path = Gradient.swift; sourceTree = "<group>"; };
		CB6E482628CE811A006DF6CA /* GoogleService-Info.plist */ = {isa = PBXFileReference; fileEncoding = 4; lastKnownFileType = text.plist.xml; path = "GoogleService-Info.plist"; sourceTree = "<group>"; };
		CB6E483D28CE90FF006DF6CA /* AppDelegate.swift */ = {isa = PBXFileReference; lastKnownFileType = sourcecode.swift; path = AppDelegate.swift; sourceTree = "<group>"; };
		CB6E484028CE9489006DF6CA /* JobModel.swift */ = {isa = PBXFileReference; lastKnownFileType = sourcecode.swift; path = JobModel.swift; sourceTree = "<group>"; };
		CB6E484228CE9559006DF6CA /* Collections.swift */ = {isa = PBXFileReference; lastKnownFileType = sourcecode.swift; path = Collections.swift; sourceTree = "<group>"; };
		CB6E484428CE95A4006DF6CA /* Helpers.swift */ = {isa = PBXFileReference; lastKnownFileType = sourcecode.swift; path = Helpers.swift; sourceTree = "<group>"; };
		CB6E484628CE95DE006DF6CA /* ApiErrors.swift */ = {isa = PBXFileReference; lastKnownFileType = sourcecode.swift; path = ApiErrors.swift; sourceTree = "<group>"; };
		CB6E484828CE975F006DF6CA /* JobStoreManager.swift */ = {isa = PBXFileReference; lastKnownFileType = sourcecode.swift; path = JobStoreManager.swift; sourceTree = "<group>"; };
		CB6E484A28CE995F006DF6CA /* SubmitterView.swift */ = {isa = PBXFileReference; lastKnownFileType = sourcecode.swift; path = SubmitterView.swift; sourceTree = "<group>"; };
		CB8978A92A1374DF00BD23B9 /* GoogleSheetsAPI.swift */ = {isa = PBXFileReference; lastKnownFileType = sourcecode.swift; path = GoogleSheetsAPI.swift; sourceTree = "<group>"; };
		CB8978B72A1399B700BD23B9 /* SpreadSheetTestView.swift */ = {isa = PBXFileReference; lastKnownFileType = sourcecode.swift; path = SpreadSheetTestView.swift; sourceTree = "<group>"; };
		CBAC672B2A1507C80027D1FD /* JobHelper.swift */ = {isa = PBXFileReference; lastKnownFileType = sourcecode.swift; path = JobHelper.swift; sourceTree = "<group>"; };
		CBC1425C28CB3D8C00C44D64 /* Job.swift */ = {isa = PBXFileReference; lastKnownFileType = sourcecode.swift; path = Job.swift; sourceTree = "<group>"; };
		CBC1425F28CB424E00C44D64 /* JobCompany.swift */ = {isa = PBXFileReference; lastKnownFileType = sourcecode.swift; path = JobCompany.swift; sourceTree = "<group>"; };
		CBC1426128CB426000C44D64 /* JobContact.swift */ = {isa = PBXFileReference; lastKnownFileType = sourcecode.swift; path = JobContact.swift; sourceTree = "<group>"; };
		CBC1426328CB426600C44D64 /* JobCategory.swift */ = {isa = PBXFileReference; lastKnownFileType = sourcecode.swift; path = JobCategory.swift; sourceTree = "<group>"; };
		CBC1426528CB426D00C44D64 /* JobType.swift */ = {isa = PBXFileReference; lastKnownFileType = sourcecode.swift; path = JobType.swift; sourceTree = "<group>"; };
		CBC1426728CB427200C44D64 /* JobDescription.swift */ = {isa = PBXFileReference; lastKnownFileType = sourcecode.swift; path = JobDescription.swift; sourceTree = "<group>"; };
		CBC1426928CB42A400C44D64 /* Job+Preview.swift */ = {isa = PBXFileReference; lastKnownFileType = sourcecode.swift; path = "Job+Preview.swift"; sourceTree = "<group>"; };
		CBC1426B28CB442700C44D64 /* JobSkill.swift */ = {isa = PBXFileReference; lastKnownFileType = sourcecode.swift; path = JobSkill.swift; sourceTree = "<group>"; };
		CBC2E69228C8AB7000346EA4 /* JobAfrica.app */ = {isa = PBXFileReference; explicitFileType = wrapper.application; includeInIndex = 0; path = JobAfrica.app; sourceTree = BUILT_PRODUCTS_DIR; };
		CBC2E69528C8AB7000346EA4 /* JobLessApp.swift */ = {isa = PBXFileReference; lastKnownFileType = sourcecode.swift; path = JobLessApp.swift; sourceTree = "<group>"; };
		CBC2E69728C8AB7000346EA4 /* ContentView.swift */ = {isa = PBXFileReference; lastKnownFileType = sourcecode.swift; path = ContentView.swift; sourceTree = "<group>"; };
		CBC2E69928C8AB7300346EA4 /* Assets.xcassets */ = {isa = PBXFileReference; lastKnownFileType = folder.assetcatalog; path = Assets.xcassets; sourceTree = "<group>"; };
		CBC2E69C28C8AB7300346EA4 /* Preview Assets.xcassets */ = {isa = PBXFileReference; lastKnownFileType = folder.assetcatalog; path = "Preview Assets.xcassets"; sourceTree = "<group>"; };
		CBC2E6A128C8AB7300346EA4 /* JobLess.xcdatamodel */ = {isa = PBXFileReference; lastKnownFileType = wrapper.xcdatamodel; path = JobLess.xcdatamodel; sourceTree = "<group>"; };
		CBC2E6A728C8AB7300346EA4 /* JobLessTests.xctest */ = {isa = PBXFileReference; explicitFileType = wrapper.cfbundle; includeInIndex = 0; path = JobLessTests.xctest; sourceTree = BUILT_PRODUCTS_DIR; };
		CBC2E6AB28C8AB7300346EA4 /* JobLessTests.swift */ = {isa = PBXFileReference; lastKnownFileType = sourcecode.swift; path = JobLessTests.swift; sourceTree = "<group>"; };
		CBC2E6B128C8AB7300346EA4 /* JobLessUITests.xctest */ = {isa = PBXFileReference; explicitFileType = wrapper.cfbundle; includeInIndex = 0; path = JobLessUITests.xctest; sourceTree = BUILT_PRODUCTS_DIR; };
		CBC2E6B528C8AB7300346EA4 /* JobLessUITests.swift */ = {isa = PBXFileReference; lastKnownFileType = sourcecode.swift; path = JobLessUITests.swift; sourceTree = "<group>"; };
		CBC2E6B728C8AB7300346EA4 /* JobLessUITestsLaunchTests.swift */ = {isa = PBXFileReference; lastKnownFileType = sourcecode.swift; path = JobLessUITestsLaunchTests.swift; sourceTree = "<group>"; };
		CBC2E6C528C8AD0600346EA4 /* Colors+.swift */ = {isa = PBXFileReference; lastKnownFileType = sourcecode.swift; path = "Colors+.swift"; sourceTree = "<group>"; };
		CBC2E6C828C8AF3300346EA4 /* AuthenticationView.swift */ = {isa = PBXFileReference; lastKnownFileType = sourcecode.swift; path = AuthenticationView.swift; sourceTree = "<group>"; };
		CBC2E6CA28C8B17300346EA4 /* HomeView.swift */ = {isa = PBXFileReference; lastKnownFileType = sourcecode.swift; path = HomeView.swift; sourceTree = "<group>"; };
		CBC2E6CC28C8EE7F00346EA4 /* Info.plist */ = {isa = PBXFileReference; lastKnownFileType = text.plist; path = Info.plist; sourceTree = "<group>"; };
		CBC2E6CD28C8F15B00346EA4 /* JobLess.entitlements */ = {isa = PBXFileReference; lastKnownFileType = text.plist.entitlements; path = JobLess.entitlements; sourceTree = "<group>"; };
		CBC2E6CE28C8F5FB00346EA4 /* JobDetailView.swift */ = {isa = PBXFileReference; lastKnownFileType = sourcecode.swift; path = JobDetailView.swift; sourceTree = "<group>"; };
		CBC2E6D128C90EC600346EA4 /* JobRowView.swift */ = {isa = PBXFileReference; lastKnownFileType = sourcecode.swift; path = JobRowView.swift; sourceTree = "<group>"; };
		CBC2E6D328C90EDA00346EA4 /* JobTagsView.swift */ = {isa = PBXFileReference; lastKnownFileType = sourcecode.swift; path = JobTagsView.swift; sourceTree = "<group>"; };
		CBC2E6D528C90FFE00346EA4 /* JobAdvertView.swift */ = {isa = PBXFileReference; lastKnownFileType = sourcecode.swift; path = JobAdvertView.swift; sourceTree = "<group>"; };
		CBC2E6D928C9137A00346EA4 /* NavigationBarView.swift */ = {isa = PBXFileReference; lastKnownFileType = sourcecode.swift; path = NavigationBarView.swift; sourceTree = "<group>"; };
		CBC2E6DE28C9345C00346EA4 /* MainMenuView.swift */ = {isa = PBXFileReference; lastKnownFileType = sourcecode.swift; path = MainMenuView.swift; sourceTree = "<group>"; };
		CBC2E6E128C9350E00346EA4 /* JobTag.swift */ = {isa = PBXFileReference; lastKnownFileType = sourcecode.swift; path = JobTag.swift; sourceTree = "<group>"; };
		CBC2E6E328C9361000346EA4 /* ThemeToggle.swift */ = {isa = PBXFileReference; lastKnownFileType = sourcecode.swift; path = ThemeToggle.swift; sourceTree = "<group>"; };
		CBC2E6E528C9377700346EA4 /* AppTheme.swift */ = {isa = PBXFileReference; lastKnownFileType = sourcecode.swift; path = AppTheme.swift; sourceTree = "<group>"; };
		CBC2E6E928C9383F00346EA4 /* JobSearchView.swift */ = {isa = PBXFileReference; lastKnownFileType = sourcecode.swift; path = JobSearchView.swift; sourceTree = "<group>"; };
/* End PBXFileReference section */

/* Begin PBXFrameworksBuildPhase section */
		CBC2E68F28C8AB7000346EA4 /* Frameworks */ = {
			isa = PBXFrameworksBuildPhase;
			buildActionMask = 2147483647;
			files = (
				CB6E483428CE889E006DF6CA /* FirebaseDatabaseSwift in Frameworks */,
				CB6E483028CE889E006DF6CA /* FirebaseCrashlytics in Frameworks */,
				CB6E483C28CE889E006DF6CA /* FirebaseStorage in Frameworks */,
				CB6E482C28CE889E006DF6CA /* FirebaseAnalyticsWithoutAdIdSupport in Frameworks */,
				CB8978B42A137DF800BD23B9 /* GoogleSignInSwift in Frameworks */,
				CB8978B22A137DF800BD23B9 /* GoogleSignIn in Frameworks */,
				CB6E483828CE889E006DF6CA /* FirebaseFirestoreSwift in Frameworks */,
				CB6E483228CE889E006DF6CA /* FirebaseDatabase in Frameworks */,
				CB6E482E28CE889E006DF6CA /* FirebaseAuth in Frameworks */,
				CB6E483628CE889E006DF6CA /* FirebaseFirestore in Frameworks */,
				CB6E483A28CE889E006DF6CA /* FirebaseRemoteConfig in Frameworks */,
				CBAC672F2A150A840027D1FD /* GoogleAPIClientForREST_Sheets in Frameworks */,
			);
			runOnlyForDeploymentPostprocessing = 0;
		};
		CBC2E6A428C8AB7300346EA4 /* Frameworks */ = {
			isa = PBXFrameworksBuildPhase;
			buildActionMask = 2147483647;
			files = (
			);
			runOnlyForDeploymentPostprocessing = 0;
		};
		CBC2E6AE28C8AB7300346EA4 /* Frameworks */ = {
			isa = PBXFrameworksBuildPhase;
			buildActionMask = 2147483647;
			files = (
			);
			runOnlyForDeploymentPostprocessing = 0;
		};
/* End PBXFrameworksBuildPhase section */

/* Begin PBXGroup section */
		CB6E483F28CE9482006DF6CA /* Submission */ = {
			isa = PBXGroup;
			children = (
				CB6E484028CE9489006DF6CA /* JobModel.swift */,
				CB6E484828CE975F006DF6CA /* JobStoreManager.swift */,
				CB6E484228CE9559006DF6CA /* Collections.swift */,
				CB6E484428CE95A4006DF6CA /* Helpers.swift */,
			);
			path = Submission;
			sourceTree = "<group>";
		};
		CBC1425E28CB424B00C44D64 /* Job */ = {
			isa = PBXGroup;
			children = (
				CBC1425C28CB3D8C00C44D64 /* Job.swift */,
				CBAC672B2A1507C80027D1FD /* JobHelper.swift */,
				CBC1426728CB427200C44D64 /* JobDescription.swift */,
				CBC1426128CB426000C44D64 /* JobContact.swift */,
				CBC1425F28CB424E00C44D64 /* JobCompany.swift */,
				CBC1426328CB426600C44D64 /* JobCategory.swift */,
				CBC1426528CB426D00C44D64 /* JobType.swift */,
				CBC1426B28CB442700C44D64 /* JobSkill.swift */,
				CBC2E6E128C9350E00346EA4 /* JobTag.swift */,
			);
			path = Job;
			sourceTree = "<group>";
		};
		CBC2E68928C8AB7000346EA4 = {
			isa = PBXGroup;
			children = (
				CBC2E69428C8AB7000346EA4 /* JobLess */,
				CBC2E6AA28C8AB7300346EA4 /* JobLessTests */,
				CBC2E6B428C8AB7300346EA4 /* JobLessUITests */,
				CBC2E69328C8AB7000346EA4 /* Products */,
			);
			sourceTree = "<group>";
		};
		CBC2E69328C8AB7000346EA4 /* Products */ = {
			isa = PBXGroup;
			children = (
				CBC2E69228C8AB7000346EA4 /* JobAfrica.app */,
				CBC2E6A728C8AB7300346EA4 /* JobLessTests.xctest */,
				CBC2E6B128C8AB7300346EA4 /* JobLessUITests.xctest */,
			);
			name = Products;
			sourceTree = "<group>";
		};
		CBC2E69428C8AB7000346EA4 /* JobLess */ = {
			isa = PBXGroup;
			children = (
				CB6E482628CE811A006DF6CA /* GoogleService-Info.plist */,
				CBC2E6CD28C8F15B00346EA4 /* JobLess.entitlements */,
				CBC2E6CC28C8EE7F00346EA4 /* Info.plist */,
				CBC2E69528C8AB7000346EA4 /* JobLessApp.swift */,
				CB6E483D28CE90FF006DF6CA /* AppDelegate.swift */,
				CBC2E69728C8AB7000346EA4 /* ContentView.swift */,
				CB563B3B2A1772CB00CC21C8 /* AppLaunchView.swift */,
				CB6E484A28CE995F006DF6CA /* SubmitterView.swift */,
				CB8978A92A1374DF00BD23B9 /* GoogleSheetsAPI.swift */,
				CB8978B72A1399B700BD23B9 /* SpreadSheetTestView.swift */,
				CB6E483F28CE9482006DF6CA /* Submission */,
				CBC2E6E028C9350200346EA4 /* Models */,
				CBC2E6DB28C915C800346EA4 /* Helpers+Extensions */,
				CBC2E6C728C8AF2B00346EA4 /* Views */,
				CBC2E69928C8AB7300346EA4 /* Assets.xcassets */,
				CBC2E6C428C8ACFF00346EA4 /* Colors */,
				CBC2E6A028C8AB7300346EA4 /* JobLess.xcdatamodeld */,
				CBC2E69B28C8AB7300346EA4 /* Preview Content */,
			);
			path = JobLess;
			sourceTree = "<group>";
		};
		CBC2E69B28C8AB7300346EA4 /* Preview Content */ = {
			isa = PBXGroup;
			children = (
				CBC2E69C28C8AB7300346EA4 /* Preview Assets.xcassets */,
				CBC1426928CB42A400C44D64 /* Job+Preview.swift */,
			);
			path = "Preview Content";
			sourceTree = "<group>";
		};
		CBC2E6AA28C8AB7300346EA4 /* JobLessTests */ = {
			isa = PBXGroup;
			children = (
				CBC2E6AB28C8AB7300346EA4 /* JobLessTests.swift */,
			);
			path = JobLessTests;
			sourceTree = "<group>";
		};
		CBC2E6B428C8AB7300346EA4 /* JobLessUITests */ = {
			isa = PBXGroup;
			children = (
				CBC2E6B528C8AB7300346EA4 /* JobLessUITests.swift */,
				CBC2E6B728C8AB7300346EA4 /* JobLessUITestsLaunchTests.swift */,
			);
			path = JobLessUITests;
			sourceTree = "<group>";
		};
		CBC2E6C428C8ACFF00346EA4 /* Colors */ = {
			isa = PBXGroup;
			children = (
				CBC2E6C528C8AD0600346EA4 /* Colors+.swift */,
				CB563B3D2A1773AA00CC21C8 /* Gradient.swift */,
			);
			path = Colors;
			sourceTree = "<group>";
		};
		CBC2E6C728C8AF2B00346EA4 /* Views */ = {
			isa = PBXGroup;
			children = (
				CBC2E6C828C8AF3300346EA4 /* AuthenticationView.swift */,
				CBC2E6CE28C8F5FB00346EA4 /* JobDetailView.swift */,
				CB408A7528CF55B70029B91C /* AboutUsView.swift */,
				CB408A7D28CF5B810029B91C /* WhatsNewView.swift */,
				CBC2E6D028C90EB500346EA4 /* Reusable Views */,
				CBC2E6CA28C8B17300346EA4 /* HomeView.swift */,
				CBC2E6DE28C9345C00346EA4 /* MainMenuView.swift */,
				CBC2E6E928C9383F00346EA4 /* JobSearchView.swift */,
			);
			path = Views;
			sourceTree = "<group>";
		};
		CBC2E6D028C90EB500346EA4 /* Reusable Views */ = {
			isa = PBXGroup;
			children = (
				CBC2E6D128C90EC600346EA4 /* JobRowView.swift */,
				CBC2E6D328C90EDA00346EA4 /* JobTagsView.swift */,
				CBC2E6D528C90FFE00346EA4 /* JobAdvertView.swift */,
				CBC2E6D928C9137A00346EA4 /* NavigationBarView.swift */,
				CBC2E6E328C9361000346EA4 /* ThemeToggle.swift */,
			);
			path = "Reusable Views";
			sourceTree = "<group>";
		};
		CBC2E6DB28C915C800346EA4 /* Helpers+Extensions */ = {
			isa = PBXGroup;
			children = (
				CB408A7728CF57610029B91C /* Utilities.swift */,
				CB408A7B28CF5B1D0029B91C /* UserDefaults+.swift */,
			);
			path = "Helpers+Extensions";
			sourceTree = "<group>";
		};
		CBC2E6E028C9350200346EA4 /* Models */ = {
			isa = PBXGroup;
			children = (
				CBC2E6E528C9377700346EA4 /* AppTheme.swift */,
				CB408A8128CF62050029B91C /* User.swift */,
				CBC1425E28CB424B00C44D64 /* Job */,
				CB6E484628CE95DE006DF6CA /* ApiErrors.swift */,
			);
			path = Models;
			sourceTree = "<group>";
		};
/* End PBXGroup section */

/* Begin PBXNativeTarget section */
		CBC2E69128C8AB7000346EA4 /* JobLess */ = {
			isa = PBXNativeTarget;
			buildConfigurationList = CBC2E6BB28C8AB7300346EA4 /* Build configuration list for PBXNativeTarget "JobLess" */;
			buildPhases = (
				CBC2E68E28C8AB7000346EA4 /* Sources */,
				CBC2E68F28C8AB7000346EA4 /* Frameworks */,
				CBC2E69028C8AB7000346EA4 /* Resources */,
			);
			buildRules = (
			);
			dependencies = (
			);
			name = JobLess;
			packageProductDependencies = (
				CB6E482B28CE889E006DF6CA /* FirebaseAnalyticsWithoutAdIdSupport */,
				CB6E482D28CE889E006DF6CA /* FirebaseAuth */,
				CB6E482F28CE889E006DF6CA /* FirebaseCrashlytics */,
				CB6E483128CE889E006DF6CA /* FirebaseDatabase */,
				CB6E483328CE889E006DF6CA /* FirebaseDatabaseSwift */,
				CB6E483528CE889E006DF6CA /* FirebaseFirestore */,
				CB6E483728CE889E006DF6CA /* FirebaseFirestoreSwift */,
				CB6E483928CE889E006DF6CA /* FirebaseRemoteConfig */,
				CB6E483B28CE889E006DF6CA /* FirebaseStorage */,
				CB8978B12A137DF800BD23B9 /* GoogleSignIn */,
				CB8978B32A137DF800BD23B9 /* GoogleSignInSwift */,
				CBAC672E2A150A840027D1FD /* GoogleAPIClientForREST_Sheets */,
			);
			productName = JobLess;
			productReference = CBC2E69228C8AB7000346EA4 /* JobAfrica.app */;
			productType = "com.apple.product-type.application";
		};
		CBC2E6A628C8AB7300346EA4 /* JobLessTests */ = {
			isa = PBXNativeTarget;
			buildConfigurationList = CBC2E6BE28C8AB7300346EA4 /* Build configuration list for PBXNativeTarget "JobLessTests" */;
			buildPhases = (
				CBC2E6A328C8AB7300346EA4 /* Sources */,
				CBC2E6A428C8AB7300346EA4 /* Frameworks */,
				CBC2E6A528C8AB7300346EA4 /* Resources */,
			);
			buildRules = (
			);
			dependencies = (
				CBC2E6A928C8AB7300346EA4 /* PBXTargetDependency */,
			);
			name = JobLessTests;
			productName = JobLessTests;
			productReference = CBC2E6A728C8AB7300346EA4 /* JobLessTests.xctest */;
			productType = "com.apple.product-type.bundle.unit-test";
		};
		CBC2E6B028C8AB7300346EA4 /* JobLessUITests */ = {
			isa = PBXNativeTarget;
			buildConfigurationList = CBC2E6C128C8AB7300346EA4 /* Build configuration list for PBXNativeTarget "JobLessUITests" */;
			buildPhases = (
				CBC2E6AD28C8AB7300346EA4 /* Sources */,
				CBC2E6AE28C8AB7300346EA4 /* Frameworks */,
				CBC2E6AF28C8AB7300346EA4 /* Resources */,
			);
			buildRules = (
			);
			dependencies = (
				CBC2E6B328C8AB7300346EA4 /* PBXTargetDependency */,
			);
			name = JobLessUITests;
			productName = JobLessUITests;
			productReference = CBC2E6B128C8AB7300346EA4 /* JobLessUITests.xctest */;
			productType = "com.apple.product-type.bundle.ui-testing";
		};
/* End PBXNativeTarget section */

/* Begin PBXProject section */
		CBC2E68A28C8AB7000346EA4 /* Project object */ = {
			isa = PBXProject;
			attributes = {
				BuildIndependentTargetsInParallel = 1;
				LastSwiftUpdateCheck = 1340;
				LastUpgradeCheck = 1340;
				TargetAttributes = {
					CBC2E69128C8AB7000346EA4 = {
						CreatedOnToolsVersion = 13.4.1;
					};
					CBC2E6A628C8AB7300346EA4 = {
						CreatedOnToolsVersion = 13.4.1;
						TestTargetID = CBC2E69128C8AB7000346EA4;
					};
					CBC2E6B028C8AB7300346EA4 = {
						CreatedOnToolsVersion = 13.4.1;
						TestTargetID = CBC2E69128C8AB7000346EA4;
					};
				};
			};
			buildConfigurationList = CBC2E68D28C8AB7000346EA4 /* Build configuration list for PBXProject "JobLess" */;
			compatibilityVersion = "Xcode 13.0";
			developmentRegion = en;
			hasScannedForEncodings = 0;
			knownRegions = (
				en,
				Base,
			);
			mainGroup = CBC2E68928C8AB7000346EA4;
			packageReferences = (
				CB6E482A28CE889E006DF6CA /* XCRemoteSwiftPackageReference "firebase-ios-sdk" */,
				CB8978B02A137DF700BD23B9 /* XCRemoteSwiftPackageReference "GoogleSignIn-iOS" */,
				CBAC672D2A150A840027D1FD /* XCRemoteSwiftPackageReference "google-api-objectivec-client-for-rest" */,
			);
			productRefGroup = CBC2E69328C8AB7000346EA4 /* Products */;
			projectDirPath = "";
			projectRoot = "";
			targets = (
				CBC2E69128C8AB7000346EA4 /* JobLess */,
				CBC2E6A628C8AB7300346EA4 /* JobLessTests */,
				CBC2E6B028C8AB7300346EA4 /* JobLessUITests */,
			);
		};
/* End PBXProject section */

/* Begin PBXResourcesBuildPhase section */
		CBC2E69028C8AB7000346EA4 /* Resources */ = {
			isa = PBXResourcesBuildPhase;
			buildActionMask = 2147483647;
			files = (
				CBC2E69D28C8AB7300346EA4 /* Preview Assets.xcassets in Resources */,
				CBC2E69A28C8AB7300346EA4 /* Assets.xcassets in Resources */,
				CB6E482728CE811A006DF6CA /* GoogleService-Info.plist in Resources */,
			);
			runOnlyForDeploymentPostprocessing = 0;
		};
		CBC2E6A528C8AB7300346EA4 /* Resources */ = {
			isa = PBXResourcesBuildPhase;
			buildActionMask = 2147483647;
			files = (
				CB6E482828CE811A006DF6CA /* GoogleService-Info.plist in Resources */,
			);
			runOnlyForDeploymentPostprocessing = 0;
		};
		CBC2E6AF28C8AB7300346EA4 /* Resources */ = {
			isa = PBXResourcesBuildPhase;
			buildActionMask = 2147483647;
			files = (
				CB6E482928CE811A006DF6CA /* GoogleService-Info.plist in Resources */,
			);
			runOnlyForDeploymentPostprocessing = 0;
		};
/* End PBXResourcesBuildPhase section */

/* Begin PBXSourcesBuildPhase section */
		CBC2E68E28C8AB7000346EA4 /* Sources */ = {
			isa = PBXSourcesBuildPhase;
			buildActionMask = 2147483647;
			files = (
				CB408A7628CF55B70029B91C /* AboutUsView.swift in Sources */,
				CBC1426228CB426000C44D64 /* JobContact.swift in Sources */,
				CB6E484728CE95DE006DF6CA /* ApiErrors.swift in Sources */,
				CBC2E6CB28C8B17300346EA4 /* HomeView.swift in Sources */,
				CBC1426A28CB42A400C44D64 /* Job+Preview.swift in Sources */,
				CB408A7E28CF5B810029B91C /* WhatsNewView.swift in Sources */,
				CBC2E6EA28C9383F00346EA4 /* JobSearchView.swift in Sources */,
				CBC2E69828C8AB7000346EA4 /* ContentView.swift in Sources */,
				CBC2E6C928C8AF3300346EA4 /* AuthenticationView.swift in Sources */,
				CBC2E6A228C8AB7300346EA4 /* JobLess.xcdatamodeld in Sources */,
				CB6E484928CE975F006DF6CA /* JobStoreManager.swift in Sources */,
				CBC2E6D628C90FFE00346EA4 /* JobAdvertView.swift in Sources */,
				CBC2E6DA28C9137A00346EA4 /* NavigationBarView.swift in Sources */,
				CBC2E6D428C90EDA00346EA4 /* JobTagsView.swift in Sources */,
				CBC2E6E228C9350E00346EA4 /* JobTag.swift in Sources */,
				CBC2E6C628C8AD0600346EA4 /* Colors+.swift in Sources */,
				CB6E484528CE95A4006DF6CA /* Helpers.swift in Sources */,
				CB6E484128CE9489006DF6CA /* JobModel.swift in Sources */,
				CB408A8228CF62050029B91C /* User.swift in Sources */,
				CBC2E6DF28C9345C00346EA4 /* MainMenuView.swift in Sources */,
				CBC2E69628C8AB7000346EA4 /* JobLessApp.swift in Sources */,
				CB563B3C2A1772CB00CC21C8 /* AppLaunchView.swift in Sources */,
				CBAC672C2A1507C90027D1FD /* JobHelper.swift in Sources */,
				CB8978AA2A1374DF00BD23B9 /* GoogleSheetsAPI.swift in Sources */,
				CBC1426828CB427200C44D64 /* JobDescription.swift in Sources */,
				CBC1426028CB424E00C44D64 /* JobCompany.swift in Sources */,
				CB408A7828CF57610029B91C /* Utilities.swift in Sources */,
				CBC2E6CF28C8F5FB00346EA4 /* JobDetailView.swift in Sources */,
				CBC2E6E628C9377700346EA4 /* AppTheme.swift in Sources */,
				CBC2E6D228C90EC600346EA4 /* JobRowView.swift in Sources */,
				CB6E484328CE9559006DF6CA /* Collections.swift in Sources */,
				CB408A7C28CF5B1D0029B91C /* UserDefaults+.swift in Sources */,
				CB8978B82A1399B700BD23B9 /* SpreadSheetTestView.swift in Sources */,
				CB6E484B28CE995F006DF6CA /* SubmitterView.swift in Sources */,
				CB6E483E28CE90FF006DF6CA /* AppDelegate.swift in Sources */,
				CBC1426428CB426600C44D64 /* JobCategory.swift in Sources */,
				CBC2E6E428C9361000346EA4 /* ThemeToggle.swift in Sources */,
				CB563B3E2A1773AA00CC21C8 /* Gradient.swift in Sources */,
				CBC1426C28CB442700C44D64 /* JobSkill.swift in Sources */,
				CBC1426628CB426D00C44D64 /* JobType.swift in Sources */,
				CBC1425D28CB3D8C00C44D64 /* Job.swift in Sources */,
			);
			runOnlyForDeploymentPostprocessing = 0;
		};
		CBC2E6A328C8AB7300346EA4 /* Sources */ = {
			isa = PBXSourcesBuildPhase;
			buildActionMask = 2147483647;
			files = (
				CBC2E6AC28C8AB7300346EA4 /* JobLessTests.swift in Sources */,
			);
			runOnlyForDeploymentPostprocessing = 0;
		};
		CBC2E6AD28C8AB7300346EA4 /* Sources */ = {
			isa = PBXSourcesBuildPhase;
			buildActionMask = 2147483647;
			files = (
				CBC2E6B628C8AB7300346EA4 /* JobLessUITests.swift in Sources */,
				CBC2E6B828C8AB7300346EA4 /* JobLessUITestsLaunchTests.swift in Sources */,
			);
			runOnlyForDeploymentPostprocessing = 0;
		};
/* End PBXSourcesBuildPhase section */

/* Begin PBXTargetDependency section */
		CBC2E6A928C8AB7300346EA4 /* PBXTargetDependency */ = {
			isa = PBXTargetDependency;
			target = CBC2E69128C8AB7000346EA4 /* JobLess */;
			targetProxy = CBC2E6A828C8AB7300346EA4 /* PBXContainerItemProxy */;
		};
		CBC2E6B328C8AB7300346EA4 /* PBXTargetDependency */ = {
			isa = PBXTargetDependency;
			target = CBC2E69128C8AB7000346EA4 /* JobLess */;
			targetProxy = CBC2E6B228C8AB7300346EA4 /* PBXContainerItemProxy */;
		};
/* End PBXTargetDependency section */

/* Begin XCBuildConfiguration section */
		CBC2E6B928C8AB7300346EA4 /* Debug */ = {
			isa = XCBuildConfiguration;
			buildSettings = {
				ALWAYS_SEARCH_USER_PATHS = NO;
				CLANG_ANALYZER_NONNULL = YES;
				CLANG_ANALYZER_NUMBER_OBJECT_CONVERSION = YES_AGGRESSIVE;
				CLANG_CXX_LANGUAGE_STANDARD = "gnu++17";
				CLANG_ENABLE_MODULES = YES;
				CLANG_ENABLE_OBJC_ARC = YES;
				CLANG_ENABLE_OBJC_WEAK = YES;
				CLANG_WARN_BLOCK_CAPTURE_AUTORELEASING = YES;
				CLANG_WARN_BOOL_CONVERSION = YES;
				CLANG_WARN_COMMA = YES;
				CLANG_WARN_CONSTANT_CONVERSION = YES;
				CLANG_WARN_DEPRECATED_OBJC_IMPLEMENTATIONS = YES;
				CLANG_WARN_DIRECT_OBJC_ISA_USAGE = YES_ERROR;
				CLANG_WARN_DOCUMENTATION_COMMENTS = YES;
				CLANG_WARN_EMPTY_BODY = YES;
				CLANG_WARN_ENUM_CONVERSION = YES;
				CLANG_WARN_INFINITE_RECURSION = YES;
				CLANG_WARN_INT_CONVERSION = YES;
				CLANG_WARN_NON_LITERAL_NULL_CONVERSION = YES;
				CLANG_WARN_OBJC_IMPLICIT_RETAIN_SELF = YES;
				CLANG_WARN_OBJC_LITERAL_CONVERSION = YES;
				CLANG_WARN_OBJC_ROOT_CLASS = YES_ERROR;
				CLANG_WARN_QUOTED_INCLUDE_IN_FRAMEWORK_HEADER = YES;
				CLANG_WARN_RANGE_LOOP_ANALYSIS = YES;
				CLANG_WARN_STRICT_PROTOTYPES = YES;
				CLANG_WARN_SUSPICIOUS_MOVE = YES;
				CLANG_WARN_UNGUARDED_AVAILABILITY = YES_AGGRESSIVE;
				CLANG_WARN_UNREACHABLE_CODE = YES;
				CLANG_WARN__DUPLICATE_METHOD_MATCH = YES;
				COPY_PHASE_STRIP = NO;
				DEBUG_INFORMATION_FORMAT = dwarf;
				ENABLE_STRICT_OBJC_MSGSEND = YES;
				ENABLE_TESTABILITY = YES;
				GCC_C_LANGUAGE_STANDARD = gnu11;
				GCC_DYNAMIC_NO_PIC = NO;
				GCC_NO_COMMON_BLOCKS = YES;
				GCC_OPTIMIZATION_LEVEL = 0;
				GCC_PREPROCESSOR_DEFINITIONS = (
					"DEBUG=1",
					"$(inherited)",
				);
				GCC_WARN_64_TO_32_BIT_CONVERSION = YES;
				GCC_WARN_ABOUT_RETURN_TYPE = YES_ERROR;
				GCC_WARN_UNDECLARED_SELECTOR = YES;
				GCC_WARN_UNINITIALIZED_AUTOS = YES_AGGRESSIVE;
				GCC_WARN_UNUSED_FUNCTION = YES;
				GCC_WARN_UNUSED_VARIABLE = YES;
				IPHONEOS_DEPLOYMENT_TARGET = 15.0;
				MTL_ENABLE_DEBUG_INFO = INCLUDE_SOURCE;
				MTL_FAST_MATH = YES;
				ONLY_ACTIVE_ARCH = YES;
				SDKROOT = iphoneos;
				SWIFT_ACTIVE_COMPILATION_CONDITIONS = DEBUG;
				SWIFT_OPTIMIZATION_LEVEL = "-Onone";
			};
			name = Debug;
		};
		CBC2E6BA28C8AB7300346EA4 /* Release */ = {
			isa = XCBuildConfiguration;
			buildSettings = {
				ALWAYS_SEARCH_USER_PATHS = NO;
				CLANG_ANALYZER_NONNULL = YES;
				CLANG_ANALYZER_NUMBER_OBJECT_CONVERSION = YES_AGGRESSIVE;
				CLANG_CXX_LANGUAGE_STANDARD = "gnu++17";
				CLANG_ENABLE_MODULES = YES;
				CLANG_ENABLE_OBJC_ARC = YES;
				CLANG_ENABLE_OBJC_WEAK = YES;
				CLANG_WARN_BLOCK_CAPTURE_AUTORELEASING = YES;
				CLANG_WARN_BOOL_CONVERSION = YES;
				CLANG_WARN_COMMA = YES;
				CLANG_WARN_CONSTANT_CONVERSION = YES;
				CLANG_WARN_DEPRECATED_OBJC_IMPLEMENTATIONS = YES;
				CLANG_WARN_DIRECT_OBJC_ISA_USAGE = YES_ERROR;
				CLANG_WARN_DOCUMENTATION_COMMENTS = YES;
				CLANG_WARN_EMPTY_BODY = YES;
				CLANG_WARN_ENUM_CONVERSION = YES;
				CLANG_WARN_INFINITE_RECURSION = YES;
				CLANG_WARN_INT_CONVERSION = YES;
				CLANG_WARN_NON_LITERAL_NULL_CONVERSION = YES;
				CLANG_WARN_OBJC_IMPLICIT_RETAIN_SELF = YES;
				CLANG_WARN_OBJC_LITERAL_CONVERSION = YES;
				CLANG_WARN_OBJC_ROOT_CLASS = YES_ERROR;
				CLANG_WARN_QUOTED_INCLUDE_IN_FRAMEWORK_HEADER = YES;
				CLANG_WARN_RANGE_LOOP_ANALYSIS = YES;
				CLANG_WARN_STRICT_PROTOTYPES = YES;
				CLANG_WARN_SUSPICIOUS_MOVE = YES;
				CLANG_WARN_UNGUARDED_AVAILABILITY = YES_AGGRESSIVE;
				CLANG_WARN_UNREACHABLE_CODE = YES;
				CLANG_WARN__DUPLICATE_METHOD_MATCH = YES;
				COPY_PHASE_STRIP = NO;
				DEBUG_INFORMATION_FORMAT = "dwarf-with-dsym";
				ENABLE_NS_ASSERTIONS = NO;
				ENABLE_STRICT_OBJC_MSGSEND = YES;
				GCC_C_LANGUAGE_STANDARD = gnu11;
				GCC_NO_COMMON_BLOCKS = YES;
				GCC_WARN_64_TO_32_BIT_CONVERSION = YES;
				GCC_WARN_ABOUT_RETURN_TYPE = YES_ERROR;
				GCC_WARN_UNDECLARED_SELECTOR = YES;
				GCC_WARN_UNINITIALIZED_AUTOS = YES_AGGRESSIVE;
				GCC_WARN_UNUSED_FUNCTION = YES;
				GCC_WARN_UNUSED_VARIABLE = YES;
				IPHONEOS_DEPLOYMENT_TARGET = 15.0;
				MTL_ENABLE_DEBUG_INFO = NO;
				MTL_FAST_MATH = YES;
				SDKROOT = iphoneos;
				SWIFT_COMPILATION_MODE = wholemodule;
				SWIFT_OPTIMIZATION_LEVEL = "-O";
				VALIDATE_PRODUCT = YES;
			};
			name = Release;
		};
		CBC2E6BC28C8AB7300346EA4 /* Debug */ = {
			isa = XCBuildConfiguration;
			buildSettings = {
				ASSETCATALOG_COMPILER_APPICON_NAME = AppIcon;
				ASSETCATALOG_COMPILER_GLOBAL_ACCENT_COLOR_NAME = AccentColor;
				CODE_SIGN_ENTITLEMENTS = JobLess/JobLess.entitlements;
				CODE_SIGN_STYLE = Automatic;
				CURRENT_PROJECT_VERSION = 1;
				DEVELOPMENT_ASSET_PATHS = "\"JobLess/Preview Content\"";
				DEVELOPMENT_TEAM = 6V9B6LUW22;
				ENABLE_PREVIEWS = YES;
				GENERATE_INFOPLIST_FILE = YES;
				INFOPLIST_FILE = JobLess/Info.plist;
				INFOPLIST_KEY_CFBundleDisplayName = JobAfrica;
				INFOPLIST_KEY_UIApplicationSceneManifest_Generation = YES;
				INFOPLIST_KEY_UIApplicationSupportsIndirectInputEvents = YES;
				INFOPLIST_KEY_UILaunchScreen_Generation = YES;
				INFOPLIST_KEY_UISupportedInterfaceOrientations_iPad = "UIInterfaceOrientationPortrait UIInterfaceOrientationPortraitUpsideDown UIInterfaceOrientationLandscapeLeft UIInterfaceOrientationLandscapeRight";
				INFOPLIST_KEY_UISupportedInterfaceOrientations_iPhone = "UIInterfaceOrientationPortrait UIInterfaceOrientationLandscapeLeft UIInterfaceOrientationLandscapeRight";
				LD_RUNPATH_SEARCH_PATHS = (
					"$(inherited)",
					"@executable_path/Frameworks",
				);
				MARKETING_VERSION = 1.0;
				PRODUCT_BUNDLE_IDENTIFIER = com.abc.incs.cedricbahirwe.JobLess;
				PRODUCT_NAME = JobAfrica;
				SWIFT_EMIT_LOC_STRINGS = YES;
				SWIFT_VERSION = 5.0;
				TARGETED_DEVICE_FAMILY = "1,2";
			};
			name = Debug;
		};
		CBC2E6BD28C8AB7300346EA4 /* Release */ = {
			isa = XCBuildConfiguration;
			buildSettings = {
				ASSETCATALOG_COMPILER_APPICON_NAME = AppIcon;
				ASSETCATALOG_COMPILER_GLOBAL_ACCENT_COLOR_NAME = AccentColor;
				CODE_SIGN_ENTITLEMENTS = JobLess/JobLess.entitlements;
				CODE_SIGN_STYLE = Automatic;
				CURRENT_PROJECT_VERSION = 1;
				DEVELOPMENT_ASSET_PATHS = "\"JobLess/Preview Content\"";
				DEVELOPMENT_TEAM = 6V9B6LUW22;
				ENABLE_PREVIEWS = YES;
				GENERATE_INFOPLIST_FILE = YES;
				INFOPLIST_FILE = JobLess/Info.plist;
				INFOPLIST_KEY_CFBundleDisplayName = JobAfrica;
				INFOPLIST_KEY_UIApplicationSceneManifest_Generation = YES;
				INFOPLIST_KEY_UIApplicationSupportsIndirectInputEvents = YES;
				INFOPLIST_KEY_UILaunchScreen_Generation = YES;
				INFOPLIST_KEY_UISupportedInterfaceOrientations_iPad = "UIInterfaceOrientationPortrait UIInterfaceOrientationPortraitUpsideDown UIInterfaceOrientationLandscapeLeft UIInterfaceOrientationLandscapeRight";
				INFOPLIST_KEY_UISupportedInterfaceOrientations_iPhone = "UIInterfaceOrientationPortrait UIInterfaceOrientationLandscapeLeft UIInterfaceOrientationLandscapeRight";
				LD_RUNPATH_SEARCH_PATHS = (
					"$(inherited)",
					"@executable_path/Frameworks",
				);
				MARKETING_VERSION = 1.0;
				PRODUCT_BUNDLE_IDENTIFIER = com.abc.incs.cedricbahirwe.JobLess;
				PRODUCT_NAME = JobAfrica;
				SWIFT_EMIT_LOC_STRINGS = YES;
				SWIFT_VERSION = 5.0;
				TARGETED_DEVICE_FAMILY = "1,2";
			};
			name = Release;
		};
		CBC2E6BF28C8AB7300346EA4 /* Debug */ = {
			isa = XCBuildConfiguration;
			buildSettings = {
				ALWAYS_EMBED_SWIFT_STANDARD_LIBRARIES = YES;
				BUNDLE_LOADER = "$(TEST_HOST)";
				CODE_SIGN_STYLE = Automatic;
				CURRENT_PROJECT_VERSION = 1;
				DEVELOPMENT_TEAM = 6V9B6LUW22;
				GENERATE_INFOPLIST_FILE = YES;
				IPHONEOS_DEPLOYMENT_TARGET = 15.5;
				MARKETING_VERSION = 1.0;
				PRODUCT_BUNDLE_IDENTIFIER = com.abc.incs.cedricbahirwe.JobLessTests;
				PRODUCT_NAME = "$(TARGET_NAME)";
				SWIFT_EMIT_LOC_STRINGS = NO;
				SWIFT_VERSION = 5.0;
				TARGETED_DEVICE_FAMILY = "1,2";
				TEST_HOST = "$(BUILT_PRODUCTS_DIR)/JobLess.app/JobLess";
			};
			name = Debug;
		};
		CBC2E6C028C8AB7300346EA4 /* Release */ = {
			isa = XCBuildConfiguration;
			buildSettings = {
				ALWAYS_EMBED_SWIFT_STANDARD_LIBRARIES = YES;
				BUNDLE_LOADER = "$(TEST_HOST)";
				CODE_SIGN_STYLE = Automatic;
				CURRENT_PROJECT_VERSION = 1;
				DEVELOPMENT_TEAM = 6V9B6LUW22;
				GENERATE_INFOPLIST_FILE = YES;
				IPHONEOS_DEPLOYMENT_TARGET = 15.5;
				MARKETING_VERSION = 1.0;
				PRODUCT_BUNDLE_IDENTIFIER = com.abc.incs.cedricbahirwe.JobLessTests;
				PRODUCT_NAME = "$(TARGET_NAME)";
				SWIFT_EMIT_LOC_STRINGS = NO;
				SWIFT_VERSION = 5.0;
				TARGETED_DEVICE_FAMILY = "1,2";
				TEST_HOST = "$(BUILT_PRODUCTS_DIR)/JobLess.app/JobLess";
			};
			name = Release;
		};
		CBC2E6C228C8AB7300346EA4 /* Debug */ = {
			isa = XCBuildConfiguration;
			buildSettings = {
				ALWAYS_EMBED_SWIFT_STANDARD_LIBRARIES = YES;
				CODE_SIGN_STYLE = Automatic;
				CURRENT_PROJECT_VERSION = 1;
				DEVELOPMENT_TEAM = 6V9B6LUW22;
				GENERATE_INFOPLIST_FILE = YES;
				MARKETING_VERSION = 1.0;
				PRODUCT_BUNDLE_IDENTIFIER = com.abc.incs.cedricbahirwe.JobLessUITests;
				PRODUCT_NAME = "$(TARGET_NAME)";
				SWIFT_EMIT_LOC_STRINGS = NO;
				SWIFT_VERSION = 5.0;
				TARGETED_DEVICE_FAMILY = "1,2";
				TEST_TARGET_NAME = JobLess;
			};
			name = Debug;
		};
		CBC2E6C328C8AB7300346EA4 /* Release */ = {
			isa = XCBuildConfiguration;
			buildSettings = {
				ALWAYS_EMBED_SWIFT_STANDARD_LIBRARIES = YES;
				CODE_SIGN_STYLE = Automatic;
				CURRENT_PROJECT_VERSION = 1;
				DEVELOPMENT_TEAM = 6V9B6LUW22;
				GENERATE_INFOPLIST_FILE = YES;
				MARKETING_VERSION = 1.0;
				PRODUCT_BUNDLE_IDENTIFIER = com.abc.incs.cedricbahirwe.JobLessUITests;
				PRODUCT_NAME = "$(TARGET_NAME)";
				SWIFT_EMIT_LOC_STRINGS = NO;
				SWIFT_VERSION = 5.0;
				TARGETED_DEVICE_FAMILY = "1,2";
				TEST_TARGET_NAME = JobLess;
			};
			name = Release;
		};
/* End XCBuildConfiguration section */

/* Begin XCConfigurationList section */
		CBC2E68D28C8AB7000346EA4 /* Build configuration list for PBXProject "JobLess" */ = {
			isa = XCConfigurationList;
			buildConfigurations = (
				CBC2E6B928C8AB7300346EA4 /* Debug */,
				CBC2E6BA28C8AB7300346EA4 /* Release */,
			);
			defaultConfigurationIsVisible = 0;
			defaultConfigurationName = Release;
		};
		CBC2E6BB28C8AB7300346EA4 /* Build configuration list for PBXNativeTarget "JobLess" */ = {
			isa = XCConfigurationList;
			buildConfigurations = (
				CBC2E6BC28C8AB7300346EA4 /* Debug */,
				CBC2E6BD28C8AB7300346EA4 /* Release */,
			);
			defaultConfigurationIsVisible = 0;
			defaultConfigurationName = Release;
		};
		CBC2E6BE28C8AB7300346EA4 /* Build configuration list for PBXNativeTarget "JobLessTests" */ = {
			isa = XCConfigurationList;
			buildConfigurations = (
				CBC2E6BF28C8AB7300346EA4 /* Debug */,
				CBC2E6C028C8AB7300346EA4 /* Release */,
			);
			defaultConfigurationIsVisible = 0;
			defaultConfigurationName = Release;
		};
		CBC2E6C128C8AB7300346EA4 /* Build configuration list for PBXNativeTarget "JobLessUITests" */ = {
			isa = XCConfigurationList;
			buildConfigurations = (
				CBC2E6C228C8AB7300346EA4 /* Debug */,
				CBC2E6C328C8AB7300346EA4 /* Release */,
			);
			defaultConfigurationIsVisible = 0;
			defaultConfigurationName = Release;
		};
/* End XCConfigurationList section */

/* Begin XCRemoteSwiftPackageReference section */
		CB6E482A28CE889E006DF6CA /* XCRemoteSwiftPackageReference "firebase-ios-sdk" */ = {
			isa = XCRemoteSwiftPackageReference;
			repositoryURL = "https://github.com/firebase/firebase-ios-sdk";
			requirement = {
				kind = upToNextMajorVersion;
				minimumVersion = 9.0.0;
			};
		};
		CB8978B02A137DF700BD23B9 /* XCRemoteSwiftPackageReference "GoogleSignIn-iOS" */ = {
			isa = XCRemoteSwiftPackageReference;
			repositoryURL = "https://github.com/google/GoogleSignIn-iOS.git";
			requirement = {
				kind = upToNextMajorVersion;
				minimumVersion = 7.0.0;
			};
		};
		CBAC672D2A150A840027D1FD /* XCRemoteSwiftPackageReference "google-api-objectivec-client-for-rest" */ = {
			isa = XCRemoteSwiftPackageReference;
			repositoryURL = "https://github.com/google/google-api-objectivec-client-for-rest.git";
			requirement = {
				branch = main;
				kind = branch;
			};
		};
/* End XCRemoteSwiftPackageReference section */

/* Begin XCSwiftPackageProductDependency section */
		CB6E482B28CE889E006DF6CA /* FirebaseAnalyticsWithoutAdIdSupport */ = {
			isa = XCSwiftPackageProductDependency;
			package = CB6E482A28CE889E006DF6CA /* XCRemoteSwiftPackageReference "firebase-ios-sdk" */;
			productName = FirebaseAnalyticsWithoutAdIdSupport;
		};
		CB6E482D28CE889E006DF6CA /* FirebaseAuth */ = {
			isa = XCSwiftPackageProductDependency;
			package = CB6E482A28CE889E006DF6CA /* XCRemoteSwiftPackageReference "firebase-ios-sdk" */;
			productName = FirebaseAuth;
		};
		CB6E482F28CE889E006DF6CA /* FirebaseCrashlytics */ = {
			isa = XCSwiftPackageProductDependency;
			package = CB6E482A28CE889E006DF6CA /* XCRemoteSwiftPackageReference "firebase-ios-sdk" */;
			productName = FirebaseCrashlytics;
		};
		CB6E483128CE889E006DF6CA /* FirebaseDatabase */ = {
			isa = XCSwiftPackageProductDependency;
			package = CB6E482A28CE889E006DF6CA /* XCRemoteSwiftPackageReference "firebase-ios-sdk" */;
			productName = FirebaseDatabase;
		};
		CB6E483328CE889E006DF6CA /* FirebaseDatabaseSwift */ = {
			isa = XCSwiftPackageProductDependency;
			package = CB6E482A28CE889E006DF6CA /* XCRemoteSwiftPackageReference "firebase-ios-sdk" */;
			productName = FirebaseDatabaseSwift;
		};
		CB6E483528CE889E006DF6CA /* FirebaseFirestore */ = {
			isa = XCSwiftPackageProductDependency;
			package = CB6E482A28CE889E006DF6CA /* XCRemoteSwiftPackageReference "firebase-ios-sdk" */;
			productName = FirebaseFirestore;
		};
		CB6E483728CE889E006DF6CA /* FirebaseFirestoreSwift */ = {
			isa = XCSwiftPackageProductDependency;
			package = CB6E482A28CE889E006DF6CA /* XCRemoteSwiftPackageReference "firebase-ios-sdk" */;
			productName = FirebaseFirestoreSwift;
		};
		CB6E483928CE889E006DF6CA /* FirebaseRemoteConfig */ = {
			isa = XCSwiftPackageProductDependency;
			package = CB6E482A28CE889E006DF6CA /* XCRemoteSwiftPackageReference "firebase-ios-sdk" */;
			productName = FirebaseRemoteConfig;
		};
		CB6E483B28CE889E006DF6CA /* FirebaseStorage */ = {
			isa = XCSwiftPackageProductDependency;
			package = CB6E482A28CE889E006DF6CA /* XCRemoteSwiftPackageReference "firebase-ios-sdk" */;
			productName = FirebaseStorage;
		};
		CB8978B12A137DF800BD23B9 /* GoogleSignIn */ = {
			isa = XCSwiftPackageProductDependency;
			package = CB8978B02A137DF700BD23B9 /* XCRemoteSwiftPackageReference "GoogleSignIn-iOS" */;
			productName = GoogleSignIn;
		};
		CB8978B32A137DF800BD23B9 /* GoogleSignInSwift */ = {
			isa = XCSwiftPackageProductDependency;
			package = CB8978B02A137DF700BD23B9 /* XCRemoteSwiftPackageReference "GoogleSignIn-iOS" */;
			productName = GoogleSignInSwift;
		};
		CBAC672E2A150A840027D1FD /* GoogleAPIClientForREST_Sheets */ = {
			isa = XCSwiftPackageProductDependency;
			package = CBAC672D2A150A840027D1FD /* XCRemoteSwiftPackageReference "google-api-objectivec-client-for-rest" */;
			productName = GoogleAPIClientForREST_Sheets;
		};
/* End XCSwiftPackageProductDependency section */

/* Begin XCVersionGroup section */
		CBC2E6A028C8AB7300346EA4 /* JobLess.xcdatamodeld */ = {
			isa = XCVersionGroup;
			children = (
				CBC2E6A128C8AB7300346EA4 /* JobLess.xcdatamodel */,
			);
			currentVersion = CBC2E6A128C8AB7300346EA4 /* JobLess.xcdatamodel */;
			path = JobLess.xcdatamodeld;
			sourceTree = "<group>";
			versionGroupType = wrapper.xcdatamodel;
		};
/* End XCVersionGroup section */
	};
	rootObject = CBC2E68A28C8AB7000346EA4 /* Project object */;
}
